// !$*UTF8*$!
{
	archiveVersion = 1;
	classes = {
	};
	objectVersion = 48;
	objects = {

/* Begin PBXBuildFile section */
		E791C0AA20270A8C005CF2EA /* CategoryViewController.swift in Sources */ = {isa = PBXBuildFile; fileRef = E791C0A920270A8C005CF2EA /* CategoryViewController.swift */; };
		E7C5B32A202B258300315AEA /* Data.swift in Sources */ = {isa = PBXBuildFile; fileRef = E7C5B329202B258300315AEA /* Data.swift */; };
		E7C5B32C202B297800315AEA /* Item.swift in Sources */ = {isa = PBXBuildFile; fileRef = E7C5B32B202B297800315AEA /* Item.swift */; };
		E7C5B32E202B298500315AEA /* Category.swift in Sources */ = {isa = PBXBuildFile; fileRef = E7C5B32D202B298500315AEA /* Category.swift */; };
		E7C5B33020333E9900315AEA /* SwipeTableViewController.swift in Sources */ = {isa = PBXBuildFile; fileRef = E7C5B32F20333E9900315AEA /* SwipeTableViewController.swift */; };
		E7D89E37201F63BF0047562C /* AppDelegate.swift in Sources */ = {isa = PBXBuildFile; fileRef = E7D89E36201F63BF0047562C /* AppDelegate.swift */; };
		E7D89E39201F63BF0047562C /* TodoListViewController.swift in Sources */ = {isa = PBXBuildFile; fileRef = E7D89E38201F63BF0047562C /* TodoListViewController.swift */; };
		E7D89E3C201F63BF0047562C /* Main.storyboard in Resources */ = {isa = PBXBuildFile; fileRef = E7D89E3A201F63BF0047562C /* Main.storyboard */; };
		E7D89E3E201F63BF0047562C /* Assets.xcassets in Resources */ = {isa = PBXBuildFile; fileRef = E7D89E3D201F63BF0047562C /* Assets.xcassets */; };
		E7D89E41201F63BF0047562C /* LaunchScreen.storyboard in Resources */ = {isa = PBXBuildFile; fileRef = E7D89E3F201F63BF0047562C /* LaunchScreen.storyboard */; };
		F478D6B053B8610E38F2D1DA /* Pods_Todoey.framework in Frameworks */ = {isa = PBXBuildFile; fileRef = 7B4888F5EDAE9CC0A7CF377A /* Pods_Todoey.framework */; };
/* End PBXBuildFile section */

/* Begin PBXFileReference section */
		24E6B3C8BADF1CF228226DF9 /* Pods-Todoey.release.xcconfig */ = {isa = PBXFileReference; includeInIndex = 1; lastKnownFileType = text.xcconfig; name = "Pods-Todoey.release.xcconfig"; path = "Pods/Target Support Files/Pods-Todoey/Pods-Todoey.release.xcconfig"; sourceTree = "<group>"; };
		7B4888F5EDAE9CC0A7CF377A /* Pods_Todoey.framework */ = {isa = PBXFileReference; explicitFileType = wrapper.framework; includeInIndex = 0; path = Pods_Todoey.framework; sourceTree = BUILT_PRODUCTS_DIR; };
		E791C0A920270A8C005CF2EA /* CategoryViewController.swift */ = {isa = PBXFileReference; lastKnownFileType = sourcecode.swift; path = CategoryViewController.swift; sourceTree = "<group>"; };
		E7C5B329202B258300315AEA /* Data.swift */ = {isa = PBXFileReference; lastKnownFileType = sourcecode.swift; path = Data.swift; sourceTree = "<group>"; };
		E7C5B32B202B297800315AEA /* Item.swift */ = {isa = PBXFileReference; lastKnownFileType = sourcecode.swift; path = Item.swift; sourceTree = "<group>"; };
		E7C5B32D202B298500315AEA /* Category.swift */ = {isa = PBXFileReference; lastKnownFileType = sourcecode.swift; path = Category.swift; sourceTree = "<group>"; };
		E7C5B32F20333E9900315AEA /* SwipeTableViewController.swift */ = {isa = PBXFileReference; lastKnownFileType = sourcecode.swift; path = SwipeTableViewController.swift; sourceTree = "<group>"; };
		E7D89E33201F63BF0047562C /* Todoey.app */ = {isa = PBXFileReference; explicitFileType = wrapper.application; includeInIndex = 0; path = Todoey.app; sourceTree = BUILT_PRODUCTS_DIR; };
		E7D89E36201F63BF0047562C /* AppDelegate.swift */ = {isa = PBXFileReference; lastKnownFileType = sourcecode.swift; path = AppDelegate.swift; sourceTree = "<group>"; };
		E7D89E38201F63BF0047562C /* TodoListViewController.swift */ = {isa = PBXFileReference; lastKnownFileType = sourcecode.swift; path = TodoListViewController.swift; sourceTree = "<group>"; };
		E7D89E3B201F63BF0047562C /* Base */ = {isa = PBXFileReference; lastKnownFileType = file.storyboard; name = Base; path = Base.lproj/Main.storyboard; sourceTree = "<group>"; };
		E7D89E3D201F63BF0047562C /* Assets.xcassets */ = {isa = PBXFileReference; lastKnownFileType = folder.assetcatalog; path = Assets.xcassets; sourceTree = "<group>"; };
		E7D89E40201F63BF0047562C /* Base */ = {isa = PBXFileReference; lastKnownFileType = file.storyboard; name = Base; path = Base.lproj/LaunchScreen.storyboard; sourceTree = "<group>"; };
		E7D89E42201F63BF0047562C /* Info.plist */ = {isa = PBXFileReference; lastKnownFileType = text.plist.xml; path = Info.plist; sourceTree = "<group>"; };
		FB54F6C332C5F4D0F803E631 /* Pods-Todoey.debug.xcconfig */ = {isa = PBXFileReference; includeInIndex = 1; lastKnownFileType = text.xcconfig; name = "Pods-Todoey.debug.xcconfig"; path = "Pods/Target Support Files/Pods-Todoey/Pods-Todoey.debug.xcconfig"; sourceTree = "<group>"; };
/* End PBXFileReference section */

/* Begin PBXFrameworksBuildPhase section */
		E7D89E30201F63BF0047562C /* Frameworks */ = {
			isa = PBXFrameworksBuildPhase;
			buildActionMask = 2147483647;
			files = (
				F478D6B053B8610E38F2D1DA /* Pods_Todoey.framework in Frameworks */,
			);
			runOnlyForDeploymentPostprocessing = 0;
		};
/* End PBXFrameworksBuildPhase section */

/* Begin PBXGroup section */
		2A801E962FF225651E477A9B /* Frameworks */ = {
			isa = PBXGroup;
			children = (
				7B4888F5EDAE9CC0A7CF377A /* Pods_Todoey.framework */,
			);
			name = Frameworks;
			sourceTree = "<group>";
		};
		97CD1398A1E93048A0A9D31B /* Pods */ = {
			isa = PBXGroup;
			children = (
				FB54F6C332C5F4D0F803E631 /* Pods-Todoey.debug.xcconfig */,
				24E6B3C8BADF1CF228226DF9 /* Pods-Todoey.release.xcconfig */,
			);
			name = Pods;
			sourceTree = "<group>";
		};
		E791C08220266FF4005CF2EA /* Controllers */ = {
			isa = PBXGroup;
			children = (
				E791C0A920270A8C005CF2EA /* CategoryViewController.swift */,
				E7D89E38201F63BF0047562C /* TodoListViewController.swift */,
				E7C5B32F20333E9900315AEA /* SwipeTableViewController.swift */,
			);
			path = Controllers;
			sourceTree = "<group>";
		};
		E791C08320267017005CF2EA /* Views */ = {
			isa = PBXGroup;
			children = (
				E7D89E3A201F63BF0047562C /* Main.storyboard */,
			);
			path = Views;
			sourceTree = "<group>";
		};
		E791C0842026702E005CF2EA /* Supporting Files */ = {
			isa = PBXGroup;
			children = (
				E7D89E3D201F63BF0047562C /* Assets.xcassets */,
				E7D89E3F201F63BF0047562C /* LaunchScreen.storyboard */,
			);
			path = "Supporting Files";
			sourceTree = "<group>";
		};
		E7D89E2A201F63BF0047562C = {
			isa = PBXGroup;
			children = (
				E7D89E35201F63BF0047562C /* Todoey */,
				E7D89E34201F63BF0047562C /* Products */,
				2A801E962FF225651E477A9B /* Frameworks */,
				97CD1398A1E93048A0A9D31B /* Pods */,
			);
			sourceTree = "<group>";
		};
		E7D89E34201F63BF0047562C /* Products */ = {
			isa = PBXGroup;
			children = (
				E7D89E33201F63BF0047562C /* Todoey.app */,
			);
			name = Products;
			sourceTree = "<group>";
		};
		E7D89E35201F63BF0047562C /* Todoey */ = {
			isa = PBXGroup;
			children = (
				E7D89E36201F63BF0047562C /* AppDelegate.swift */,
				E791C08220266FF4005CF2EA /* Controllers */,
				E791C08320267017005CF2EA /* Views */,
				E791C0842026702E005CF2EA /* Supporting Files */,
				E7D89E42201F63BF0047562C /* Info.plist */,
				E7D89E4A201F86E80047562C /* DataModel */,
			);
			path = Todoey;
			sourceTree = "<group>";
		};
		E7D89E4A201F86E80047562C /* DataModel */ = {
			isa = PBXGroup;
			children = (
				E7C5B329202B258300315AEA /* Data.swift */,
				E7C5B32B202B297800315AEA /* Item.swift */,
				E7C5B32D202B298500315AEA /* Category.swift */,
			);
			path = DataModel;
			sourceTree = "<group>";
		};
/* End PBXGroup section */

/* Begin PBXNativeTarget section */
		E7D89E32201F63BF0047562C /* Todoey */ = {
			isa = PBXNativeTarget;
			buildConfigurationList = E7D89E45201F63BF0047562C /* Build configuration list for PBXNativeTarget "Todoey" */;
			buildPhases = (
				2FA6AE0C29B8075459BEDA0E /* [CP] Check Pods Manifest.lock */,
				E7D89E2F201F63BF0047562C /* Sources */,
				E7D89E30201F63BF0047562C /* Frameworks */,
				E7D89E31201F63BF0047562C /* Resources */,
				4053FE68473D8D5720387655 /* [CP] Embed Pods Frameworks */,
				FAF5614B6383200BFA051599 /* [CP] Copy Pods Resources */,
			);
			buildRules = (
			);
			dependencies = (
			);
			name = Todoey;
			productName = Todoey;
			productReference = E7D89E33201F63BF0047562C /* Todoey.app */;
			productType = "com.apple.product-type.application";
		};
/* End PBXNativeTarget section */

/* Begin PBXProject section */
		E7D89E2B201F63BF0047562C /* Project object */ = {
			isa = PBXProject;
			attributes = {
				LastSwiftUpdateCheck = 0920;
				LastUpgradeCheck = 0920;
				ORGANIZATIONNAME = "trybetech LTD";
				TargetAttributes = {
					E7D89E32201F63BF0047562C = {
						CreatedOnToolsVersion = 9.2;
						ProvisioningStyle = Automatic;
					};
				};
			};
			buildConfigurationList = E7D89E2E201F63BF0047562C /* Build configuration list for PBXProject "Todoey" */;
			compatibilityVersion = "Xcode 8.0";
			developmentRegion = en;
			hasScannedForEncodings = 0;
			knownRegions = (
				en,
				Base,
			);
			mainGroup = E7D89E2A201F63BF0047562C;
			productRefGroup = E7D89E34201F63BF0047562C /* Products */;
			projectDirPath = "";
			projectRoot = "";
			targets = (
				E7D89E32201F63BF0047562C /* Todoey */,
			);
		};
/* End PBXProject section */

/* Begin PBXResourcesBuildPhase section */
		E7D89E31201F63BF0047562C /* Resources */ = {
			isa = PBXResourcesBuildPhase;
			buildActionMask = 2147483647;
			files = (
				E7D89E41201F63BF0047562C /* LaunchScreen.storyboard in Resources */,
				E7D89E3E201F63BF0047562C /* Assets.xcassets in Resources */,
				E7D89E3C201F63BF0047562C /* Main.storyboard in Resources */,
			);
			runOnlyForDeploymentPostprocessing = 0;
		};
/* End PBXResourcesBuildPhase section */

/* Begin PBXShellScriptBuildPhase section */
		2FA6AE0C29B8075459BEDA0E /* [CP] Check Pods Manifest.lock */ = {
			isa = PBXShellScriptBuildPhase;
			buildActionMask = 2147483647;
			files = (
			);
			inputPaths = (
				"${PODS_PODFILE_DIR_PATH}/Podfile.lock",
				"${PODS_ROOT}/Manifest.lock",
			);
			name = "[CP] Check Pods Manifest.lock";
			outputPaths = (
				"$(DERIVED_FILE_DIR)/Pods-Todoey-checkManifestLockResult.txt",
			);
			runOnlyForDeploymentPostprocessing = 0;
			shellPath = /bin/sh;
			shellScript = "diff \"${PODS_PODFILE_DIR_PATH}/Podfile.lock\" \"${PODS_ROOT}/Manifest.lock\" > /dev/null\nif [ $? != 0 ] ; then\n    # print error to STDERR\n    echo \"error: The sandbox is not in sync with the Podfile.lock. Run 'pod install' or update your CocoaPods installation.\" >&2\n    exit 1\nfi\n# This output is used by Xcode 'outputs' to avoid re-running this script phase.\necho \"SUCCESS\" > \"${SCRIPT_OUTPUT_FILE_0}\"\n";
			showEnvVarsInLog = 0;
		};
		4053FE68473D8D5720387655 /* [CP] Embed Pods Frameworks */ = {
			isa = PBXShellScriptBuildPhase;
			buildActionMask = 2147483647;
			files = (
			);
			inputPaths = (
				"${SRCROOT}/Pods/Target Support Files/Pods-Todoey/Pods-Todoey-frameworks.sh",
				"${BUILT_PRODUCTS_DIR}/ChameleonFramework/ChameleonFramework.framework",
				"${BUILT_PRODUCTS_DIR}/Realm/Realm.framework",
				"${BUILT_PRODUCTS_DIR}/RealmSwift/RealmSwift.framework",
				"${BUILT_PRODUCTS_DIR}/SwipeCellKit/SwipeCellKit.framework",
			);
			name = "[CP] Embed Pods Frameworks";
			outputPaths = (
				"${TARGET_BUILD_DIR}/${FRAMEWORKS_FOLDER_PATH}/ChameleonFramework.framework",
				"${TARGET_BUILD_DIR}/${FRAMEWORKS_FOLDER_PATH}/Realm.framework",
				"${TARGET_BUILD_DIR}/${FRAMEWORKS_FOLDER_PATH}/RealmSwift.framework",
				"${TARGET_BUILD_DIR}/${FRAMEWORKS_FOLDER_PATH}/SwipeCellKit.framework",
			);
			runOnlyForDeploymentPostprocessing = 0;
			shellPath = /bin/sh;
			shellScript = "\"${SRCROOT}/Pods/Target Support Files/Pods-Todoey/Pods-Todoey-frameworks.sh\"\n";
			showEnvVarsInLog = 0;
		};
		FAF5614B6383200BFA051599 /* [CP] Copy Pods Resources */ = {
			isa = PBXShellScriptBuildPhase;
			buildActionMask = 2147483647;
			files = (
			);
			inputPaths = (
			);
			name = "[CP] Copy Pods Resources";
			outputPaths = (
			);
			runOnlyForDeploymentPostprocessing = 0;
			shellPath = /bin/sh;
			shellScript = "\"${SRCROOT}/Pods/Target Support Files/Pods-Todoey/Pods-Todoey-resources.sh\"\n";
			showEnvVarsInLog = 0;
		};
/* End PBXShellScriptBuildPhase section */

/* Begin PBXSourcesBuildPhase section */
		E7D89E2F201F63BF0047562C /* Sources */ = {
			isa = PBXSourcesBuildPhase;
			buildActionMask = 2147483647;
			files = (
				E791C0AA20270A8C005CF2EA /* CategoryViewController.swift in Sources */,
				E7C5B32A202B258300315AEA /* Data.swift in Sources */,
				E7D89E39201F63BF0047562C /* TodoListViewController.swift in Sources */,
				E7C5B33020333E9900315AEA /* SwipeTableViewController.swift in Sources */,
				E7C5B32C202B297800315AEA /* Item.swift in Sources */,
				E7D89E37201F63BF0047562C /* AppDelegate.swift in Sources */,
				E7C5B32E202B298500315AEA /* Category.swift in Sources */,
			);
			runOnlyForDeploymentPostprocessing = 0;
		};
/* End PBXSourcesBuildPhase section */

/* Begin PBXVariantGroup section */
		E7D89E3A201F63BF0047562C /* Main.storyboard */ = {
			isa = PBXVariantGroup;
			children = (
				E7D89E3B201F63BF0047562C /* Base */,
			);
			name = Main.storyboard;
			sourceTree = "<group>";
		};
		E7D89E3F201F63BF0047562C /* LaunchScreen.storyboard */ = {
			isa = PBXVariantGroup;
			children = (
				E7D89E40201F63BF0047562C /* Base */,
			);
			name = LaunchScreen.storyboard;
			sourceTree = "<group>";
		};
/* End PBXVariantGroup section */

/* Begin XCBuildConfiguration section */
		E7D89E43201F63BF0047562C /* Debug */ = {
			isa = XCBuildConfiguration;
			buildSettings = {
				ALWAYS_SEARCH_USER_PATHS = NO;
				CLANG_ANALYZER_NONNULL = YES;
				CLANG_ANALYZER_NUMBER_OBJECT_CONVERSION = YES_AGGRESSIVE;
				CLANG_CXX_LANGUAGE_STANDARD = "gnu++14";
				CLANG_CXX_LIBRARY = "libc++";
				CLANG_ENABLE_MODULES = YES;
				CLANG_ENABLE_OBJC_ARC = YES;
				CLANG_WARN_BLOCK_CAPTURE_AUTORELEASING = YES;
				CLANG_WARN_BOOL_CONVERSION = YES;
				CLANG_WARN_COMMA = YES;
				CLANG_WARN_CONSTANT_CONVERSION = YES;
				CLANG_WARN_DIRECT_OBJC_ISA_USAGE = YES_ERROR;
				CLANG_WARN_DOCUMENTATION_COMMENTS = YES;
				CLANG_WARN_EMPTY_BODY = YES;
				CLANG_WARN_ENUM_CONVERSION = YES;
				CLANG_WARN_INFINITE_RECURSION = YES;
				CLANG_WARN_INT_CONVERSION = YES;
				CLANG_WARN_NON_LITERAL_NULL_CONVERSION = YES;
				CLANG_WARN_OBJC_LITERAL_CONVERSION = YES;
				CLANG_WARN_OBJC_ROOT_CLASS = YES_ERROR;
				CLANG_WARN_RANGE_LOOP_ANALYSIS = YES;
				CLANG_WARN_STRICT_PROTOTYPES = YES;
				CLANG_WARN_SUSPICIOUS_MOVE = YES;
				CLANG_WARN_UNGUARDED_AVAILABILITY = YES_AGGRESSIVE;
				CLANG_WARN_UNREACHABLE_CODE = YES;
				CLANG_WARN__DUPLICATE_METHOD_MATCH = YES;
				CODE_SIGN_IDENTITY = "iPhone Developer";
				COPY_PHASE_STRIP = NO;
				DEBUG_INFORMATION_FORMAT = dwarf;
				ENABLE_STRICT_OBJC_MSGSEND = YES;
				ENABLE_TESTABILITY = YES;
				GCC_C_LANGUAGE_STANDARD = gnu11;
				GCC_DYNAMIC_NO_PIC = NO;
				GCC_NO_COMMON_BLOCKS = YES;
				GCC_OPTIMIZATION_LEVEL = 0;
				GCC_PREPROCESSOR_DEFINITIONS = (
					"DEBUG=1",
					"$(inherited)",
				);
				GCC_WARN_64_TO_32_BIT_CONVERSION = YES;
				GCC_WARN_ABOUT_RETURN_TYPE = YES_ERROR;
				GCC_WARN_UNDECLARED_SELECTOR = YES;
				GCC_WARN_UNINITIALIZED_AUTOS = YES_AGGRESSIVE;
				GCC_WARN_UNUSED_FUNCTION = YES;
				GCC_WARN_UNUSED_VARIABLE = YES;
				IPHONEOS_DEPLOYMENT_TARGET = 11.2;
				MTL_ENABLE_DEBUG_INFO = YES;
				ONLY_ACTIVE_ARCH = YES;
				SDKROOT = iphoneos;
				SWIFT_ACTIVE_COMPILATION_CONDITIONS = DEBUG;
				SWIFT_OPTIMIZATION_LEVEL = "-Onone";
			};
			name = Debug;
		};
		E7D89E44201F63BF0047562C /* Release */ = {
			isa = XCBuildConfiguration;
			buildSettings = {
				ALWAYS_SEARCH_USER_PATHS = NO;
				CLANG_ANALYZER_NONNULL = YES;
				CLANG_ANALYZER_NUMBER_OBJECT_CONVERSION = YES_AGGRESSIVE;
				CLANG_CXX_LANGUAGE_STANDARD = "gnu++14";
				CLANG_CXX_LIBRARY = "libc++";
				CLANG_ENABLE_MODULES = YES;
				CLANG_ENABLE_OBJC_ARC = YES;
				CLANG_WARN_BLOCK_CAPTURE_AUTORELEASING = YES;
				CLANG_WARN_BOOL_CONVERSION = YES;
				CLANG_WARN_COMMA = YES;
				CLANG_WARN_CONSTANT_CONVERSION = YES;
				CLANG_WARN_DIRECT_OBJC_ISA_USAGE = YES_ERROR;
				CLANG_WARN_DOCUMENTATION_COMMENTS = YES;
				CLANG_WARN_EMPTY_BODY = YES;
				CLANG_WARN_ENUM_CONVERSION = YES;
				CLANG_WARN_INFINITE_RECURSION = YES;
				CLANG_WARN_INT_CONVERSION = YES;
				CLANG_WARN_NON_LITERAL_NULL_CONVERSION = YES;
				CLANG_WARN_OBJC_LITERAL_CONVERSION = YES;
				CLANG_WARN_OBJC_ROOT_CLASS = YES_ERROR;
				CLANG_WARN_RANGE_LOOP_ANALYSIS = YES;
				CLANG_WARN_STRICT_PROTOTYPES = YES;
				CLANG_WARN_SUSPICIOUS_MOVE = YES;
				CLANG_WARN_UNGUARDED_AVAILABILITY = YES_AGGRESSIVE;
				CLANG_WARN_UNREACHABLE_CODE = YES;
				CLANG_WARN__DUPLICATE_METHOD_MATCH = YES;
				CODE_SIGN_IDENTITY = "iPhone Developer";
				COPY_PHASE_STRIP = NO;
				DEBUG_INFORMATION_FORMAT = "dwarf-with-dsym";
				ENABLE_NS_ASSERTIONS = NO;
				ENABLE_STRICT_OBJC_MSGSEND = YES;
				GCC_C_LANGUAGE_STANDARD = gnu11;
				GCC_NO_COMMON_BLOCKS = YES;
				GCC_WARN_64_TO_32_BIT_CONVERSION = YES;
				GCC_WARN_ABOUT_RETURN_TYPE = YES_ERROR;
				GCC_WARN_UNDECLARED_SELECTOR = YES;
				GCC_WARN_UNINITIALIZED_AUTOS = YES_AGGRESSIVE;
				GCC_WARN_UNUSED_FUNCTION = YES;
				GCC_WARN_UNUSED_VARIABLE = YES;
				IPHONEOS_DEPLOYMENT_TARGET = 11.2;
				MTL_ENABLE_DEBUG_INFO = NO;
				SDKROOT = iphoneos;
				SWIFT_OPTIMIZATION_LEVEL = "-Owholemodule";
				VALIDATE_PRODUCT = YES;
			};
			name = Release;
		};
		E7D89E46201F63BF0047562C /* Debug */ = {
			isa = XCBuildConfiguration;
			baseConfigurationReference = FB54F6C332C5F4D0F803E631 /* Pods-Todoey.debug.xcconfig */;
			buildSettings = {
				ASSETCATALOG_COMPILER_APPICON_NAME = AppIcon;
				CODE_SIGN_STYLE = Automatic;
				DEVELOPMENT_TEAM = N6VULMTHBS;
				INFOPLIST_FILE = Todoey/Info.plist;
				IPHONEOS_DEPLOYMENT_TARGET = 10.0;
				LD_RUNPATH_SEARCH_PATHS = "$(inherited) @executable_path/Frameworks";
				PRODUCT_BUNDLE_IDENTIFIER = com.trybetech.Todoey;
				PRODUCT_NAME = "$(TARGET_NAME)";
				SWIFT_VERSION = 4.0;
				TARGETED_DEVICE_FAMILY = 1;
			};
			name = Debug;
		};
		E7D89E47201F63BF0047562C /* Release */ = {
			isa = XCBuildConfiguration;
			baseConfigurationReference = 24E6B3C8BADF1CF228226DF9 /* Pods-Todoey.release.xcconfig */;
			buildSettings = {
				ASSETCATALOG_COMPILER_APPICON_NAME = AppIcon;
				CODE_SIGN_STYLE = Automatic;
				DEVELOPMENT_TEAM = N6VULMTHBS;
				INFOPLIST_FILE = Todoey/Info.plist;
				IPHONEOS_DEPLOYMENT_TARGET = 10.0;
				LD_RUNPATH_SEARCH_PATHS = "$(inherited) @executable_path/Frameworks";
				PRODUCT_BUNDLE_IDENTIFIER = com.trybetech.Todoey;
				PRODUCT_NAME = "$(TARGET_NAME)";
				SWIFT_VERSION = 4.0;
				TARGETED_DEVICE_FAMILY = 1;
			};
			name = Release;
		};
/* End XCBuildConfiguration section */

/* Begin XCConfigurationList section */
		E7D89E2E201F63BF0047562C /* Build configuration list for PBXProject "Todoey" */ = {
			isa = XCConfigurationList;
			buildConfigurations = (
				E7D89E43201F63BF0047562C /* Debug */,
				E7D89E44201F63BF0047562C /* Release */,
			);
			defaultConfigurationIsVisible = 0;
			defaultConfigurationName = Release;
		};
		E7D89E45201F63BF0047562C /* Build configuration list for PBXNativeTarget "Todoey" */ = {
			isa = XCConfigurationList;
			buildConfigurations = (
				E7D89E46201F63BF0047562C /* Debug */,
				E7D89E47201F63BF0047562C /* Release */,
			);
			defaultConfigurationIsVisible = 0;
			defaultConfigurationName = Release;
		};
/* End XCConfigurationList section */
	};
	rootObject = E7D89E2B201F63BF0047562C /* Project object */;
}
